
Microsoft Visual Studio Solution File, Format Version 12.00
# Visual Studio Version 17
VisualStudioVersion = 17.0.31903.59
MinimumVisualStudioVersion = 10.0.40219.1
Project("{2150E333-8FDC-42A3-9474-1A3956D46DE8}") = "src", "src", "{1B6BAD2E-C431-4147-985A-567781A1A7DC}"
EndProject
Project("{FAE04EC0-301F-11D3-BF4B-00C04F79EFBC}") = "Dawning.Gateway.Api", "src\Dawning.Gateway.Api\Dawning.Gateway.Api.csproj", "{F313BA0E-57FD-4762-9546-A812664AB2D5}"
EndProject
Project("{FAE04EC0-301F-11D3-BF4B-00C04F79EFBC}") = "Dawning.Gateway.Configuration", "src\Dawning.Gateway.Configuration\Dawning.Gateway.Configuration.csproj", "{83C2CD3B-BA89-46F2-828F-96A5700537E7}"
EndProject
Project("{FAE04EC0-301F-11D3-BF4B-00C04F79EFBC}") = "Dawning.Gateway.Middleware", "src\Dawning.Gateway.Middleware\Dawning.Gateway.Middleware.csproj", "{F8F98656-6661-46CA-91C3-BBFA57ED289C}"
EndProject
Project("{FAE04EC0-301F-11D3-BF4B-00C04F79EFBC}") = "Dawning.Identity.Api", "src\Dawning.Identity.Api\Dawning.Identity.Api.csproj", "{D02B0FF7-8512-43B8-87A2-4E08D9AA70FB}"
EndProject
Project("{FAE04EC0-301F-11D3-BF4B-00C04F79EFBC}") = "Dawning.Identity.Application", "src\Dawning.Identity.Application\Dawning.Identity.Application.csproj", "{90678BC9-F386-471A-9322-7FA7EB3507FE}"
EndProject
Project("{FAE04EC0-301F-11D3-BF4B-00C04F79EFBC}") = "Dawning.Identity.Domain", "src\Dawning.Identity.Domain\Dawning.Identity.Domain.csproj", "{3AAA214C-5F40-4E56-82F2-D2DB96EF9CB2}"
EndProject
Project("{FAE04EC0-301F-11D3-BF4B-00C04F79EFBC}") = "Dawning.Identity.Domain.Core", "src\Dawning.Identity.Domain.Core\Dawning.Identity.Domain.Core.csproj", "{5A155A07-635B-43A3-B401-3BDE5CC3C0FA}"
EndProject
Project("{FAE04EC0-301F-11D3-BF4B-00C04F79EFBC}") = "Dawning.Identity.Infra.Data", "src\Dawning.Identity.Infra.Data\Dawning.Identity.Infra.Data.csproj", "{E7E51195-2770-421B-B8A2-D7E2EDA78FE1}"
EndProject
Project("{FAE04EC0-301F-11D3-BF4B-00C04F79EFBC}") = "Dawning.Identity.Infra.CrossCutting.IoC", "src\Dawning.Identity.Infra.CrossCutting.IoC\Dawning.Identity.Infra.CrossCutting.IoC.csproj", "{F0DCC629-8CD0-472B-B53B-681697089B44}"
EndProject
Project("{FAE04EC0-301F-11D3-BF4B-00C04F79EFBC}") = "Dawning.Identity.Infra.CrossCutting.Mapping", "src\Dawning.Identity.Infra.CrossCutting.Mapping\Dawning.Identity.Infra.CrossCutting.Mapping.csproj", "{85CEE768-3ACC-48FE-9E02-F1C8E2DA7207}"
EndProject
Project("{FAE04EC0-301F-11D3-BF4B-00C04F79EFBC}") = "Dawning.Identity.Application.Tests", "src\Dawning.Identity.Application.Tests\Dawning.Identity.Application.Tests.csproj", "{2FBA0F7C-B020-48AF-B1C4-1E41DF9FF708}"
EndProject
Project("{FAE04EC0-301F-11D3-BF4B-00C04F79EFBC}") = "Dawning.Identity.Api.IntegrationTests", "src\Dawning.Identity.Api.IntegrationTests\Dawning.Identity.Api.IntegrationTests.csproj", "{DE47D8BC-BF8B-4B73-9B01-049F57AB10B2}"
EndProject
Global
	GlobalSection(SolutionConfigurationPlatforms) = preSolution
		Debug|Any CPU = Debug|Any CPU
		Debug|x64 = Debug|x64
		Debug|x86 = Debug|x86
		Release|Any CPU = Release|Any CPU
		Release|x64 = Release|x64
		Release|x86 = Release|x86
	EndGlobalSection
	GlobalSection(ProjectConfigurationPlatforms) = postSolution
		{F313BA0E-57FD-4762-9546-A812664AB2D5}.Debug|Any CPU.ActiveCfg = Debug|Any CPU
		{F313BA0E-57FD-4762-9546-A812664AB2D5}.Debug|Any CPU.Build.0 = Debug|Any CPU
		{F313BA0E-57FD-4762-9546-A812664AB2D5}.Debug|x64.ActiveCfg = Debug|Any CPU
		{F313BA0E-57FD-4762-9546-A812664AB2D5}.Debug|x64.Build.0 = Debug|Any CPU
		{F313BA0E-57FD-4762-9546-A812664AB2D5}.Debug|x86.ActiveCfg = Debug|Any CPU
		{F313BA0E-57FD-4762-9546-A812664AB2D5}.Debug|x86.Build.0 = Debug|Any CPU
		{F313BA0E-57FD-4762-9546-A812664AB2D5}.Release|Any CPU.ActiveCfg = Release|Any CPU
		{F313BA0E-57FD-4762-9546-A812664AB2D5}.Release|Any CPU.Build.0 = Release|Any CPU
		{F313BA0E-57FD-4762-9546-A812664AB2D5}.Release|x64.ActiveCfg = Release|Any CPU
		{F313BA0E-57FD-4762-9546-A812664AB2D5}.Release|x64.Build.0 = Release|Any CPU
		{F313BA0E-57FD-4762-9546-A812664AB2D5}.Release|x86.ActiveCfg = Release|Any CPU
		{F313BA0E-57FD-4762-9546-A812664AB2D5}.Release|x86.Build.0 = Release|Any CPU
		{83C2CD3B-BA89-46F2-828F-96A5700537E7}.Debug|Any CPU.ActiveCfg = Debug|Any CPU
		{83C2CD3B-BA89-46F2-828F-96A5700537E7}.Debug|Any CPU.Build.0 = Debug|Any CPU
		{83C2CD3B-BA89-46F2-828F-96A5700537E7}.Debug|x64.ActiveCfg = Debug|Any CPU
		{83C2CD3B-BA89-46F2-828F-96A5700537E7}.Debug|x64.Build.0 = Debug|Any CPU
		{83C2CD3B-BA89-46F2-828F-96A5700537E7}.Debug|x86.ActiveCfg = Debug|Any CPU
		{83C2CD3B-BA89-46F2-828F-96A5700537E7}.Debug|x86.Build.0 = Debug|Any CPU
		{83C2CD3B-BA89-46F2-828F-96A5700537E7}.Release|Any CPU.ActiveCfg = Release|Any CPU
		{83C2CD3B-BA89-46F2-828F-96A5700537E7}.Release|Any CPU.Build.0 = Release|Any CPU
		{83C2CD3B-BA89-46F2-828F-96A5700537E7}.Release|x64.ActiveCfg = Release|Any CPU
		{83C2CD3B-BA89-46F2-828F-96A5700537E7}.Release|x64.Build.0 = Release|Any CPU
		{83C2CD3B-BA89-46F2-828F-96A5700537E7}.Release|x86.ActiveCfg = Release|Any CPU
		{83C2CD3B-BA89-46F2-828F-96A5700537E7}.Release|x86.Build.0 = Release|Any CPU
		{F8F98656-6661-46CA-91C3-BBFA57ED289C}.Debug|Any CPU.ActiveCfg = Debug|Any CPU
		{F8F98656-6661-46CA-91C3-BBFA57ED289C}.Debug|Any CPU.Build.0 = Debug|Any CPU
		{F8F98656-6661-46CA-91C3-BBFA57ED289C}.Debug|x64.ActiveCfg = Debug|Any CPU
		{F8F98656-6661-46CA-91C3-BBFA57ED289C}.Debug|x64.Build.0 = Debug|Any CPU
		{F8F98656-6661-46CA-91C3-BBFA57ED289C}.Debug|x86.ActiveCfg = Debug|Any CPU
		{F8F98656-6661-46CA-91C3-BBFA57ED289C}.Debug|x86.Build.0 = Debug|Any CPU
		{F8F98656-6661-46CA-91C3-BBFA57ED289C}.Release|Any CPU.ActiveCfg = Release|Any CPU
		{F8F98656-6661-46CA-91C3-BBFA57ED289C}.Release|Any CPU.Build.0 = Release|Any CPU
		{F8F98656-6661-46CA-91C3-BBFA57ED289C}.Release|x64.ActiveCfg = Release|Any CPU
		{F8F98656-6661-46CA-91C3-BBFA57ED289C}.Release|x64.Build.0 = Release|Any CPU
		{F8F98656-6661-46CA-91C3-BBFA57ED289C}.Release|x86.ActiveCfg = Release|Any CPU
		{F8F98656-6661-46CA-91C3-BBFA57ED289C}.Release|x86.Build.0 = Release|Any CPU
		{D02B0FF7-8512-43B8-87A2-4E08D9AA70FB}.Debug|Any CPU.ActiveCfg = Debug|Any CPU
		{D02B0FF7-8512-43B8-87A2-4E08D9AA70FB}.Debug|Any CPU.Build.0 = Debug|Any CPU
		{D02B0FF7-8512-43B8-87A2-4E08D9AA70FB}.Debug|x64.ActiveCfg = Debug|Any CPU
		{D02B0FF7-8512-43B8-87A2-4E08D9AA70FB}.Debug|x64.Build.0 = Debug|Any CPU
		{D02B0FF7-8512-43B8-87A2-4E08D9AA70FB}.Debug|x86.ActiveCfg = Debug|Any CPU
		{D02B0FF7-8512-43B8-87A2-4E08D9AA70FB}.Debug|x86.Build.0 = Debug|Any CPU
		{D02B0FF7-8512-43B8-87A2-4E08D9AA70FB}.Release|Any CPU.ActiveCfg = Release|Any CPU
		{D02B0FF7-8512-43B8-87A2-4E08D9AA70FB}.Release|Any CPU.Build.0 = Release|Any CPU
		{D02B0FF7-8512-43B8-87A2-4E08D9AA70FB}.Release|x64.ActiveCfg = Release|Any CPU
		{D02B0FF7-8512-43B8-87A2-4E08D9AA70FB}.Release|x64.Build.0 = Release|Any CPU
		{D02B0FF7-8512-43B8-87A2-4E08D9AA70FB}.Release|x86.ActiveCfg = Release|Any CPU
		{D02B0FF7-8512-43B8-87A2-4E08D9AA70FB}.Release|x86.Build.0 = Release|Any CPU
		{90678BC9-F386-471A-9322-7FA7EB3507FE}.Debug|Any CPU.ActiveCfg = Debug|Any CPU
		{90678BC9-F386-471A-9322-7FA7EB3507FE}.Debug|Any CPU.Build.0 = Debug|Any CPU
		{90678BC9-F386-471A-9322-7FA7EB3507FE}.Debug|x64.ActiveCfg = Debug|Any CPU
		{90678BC9-F386-471A-9322-7FA7EB3507FE}.Debug|x64.Build.0 = Debug|Any CPU
		{90678BC9-F386-471A-9322-7FA7EB3507FE}.Debug|x86.ActiveCfg = Debug|Any CPU
		{90678BC9-F386-471A-9322-7FA7EB3507FE}.Debug|x86.Build.0 = Debug|Any CPU
		{90678BC9-F386-471A-9322-7FA7EB3507FE}.Release|Any CPU.ActiveCfg = Release|Any CPU
		{90678BC9-F386-471A-9322-7FA7EB3507FE}.Release|Any CPU.Build.0 = Release|Any CPU
		{90678BC9-F386-471A-9322-7FA7EB3507FE}.Release|x64.ActiveCfg = Release|Any CPU
		{90678BC9-F386-471A-9322-7FA7EB3507FE}.Release|x64.Build.0 = Release|Any CPU
		{90678BC9-F386-471A-9322-7FA7EB3507FE}.Release|x86.ActiveCfg = Release|Any CPU
		{90678BC9-F386-471A-9322-7FA7EB3507FE}.Release|x86.Build.0 = Release|Any CPU
		{3AAA214C-5F40-4E56-82F2-D2DB96EF9CB2}.Debug|Any CPU.ActiveCfg = Debug|Any CPU
		{3AAA214C-5F40-4E56-82F2-D2DB96EF9CB2}.Debug|Any CPU.Build.0 = Debug|Any CPU
		{3AAA214C-5F40-4E56-82F2-D2DB96EF9CB2}.Debug|x64.ActiveCfg = Debug|Any CPU
		{3AAA214C-5F40-4E56-82F2-D2DB96EF9CB2}.Debug|x64.Build.0 = Debug|Any CPU
		{3AAA214C-5F40-4E56-82F2-D2DB96EF9CB2}.Debug|x86.ActiveCfg = Debug|Any CPU
		{3AAA214C-5F40-4E56-82F2-D2DB96EF9CB2}.Debug|x86.Build.0 = Debug|Any CPU
		{3AAA214C-5F40-4E56-82F2-D2DB96EF9CB2}.Release|Any CPU.ActiveCfg = Release|Any CPU
		{3AAA214C-5F40-4E56-82F2-D2DB96EF9CB2}.Release|Any CPU.Build.0 = Release|Any CPU
		{3AAA214C-5F40-4E56-82F2-D2DB96EF9CB2}.Release|x64.ActiveCfg = Release|Any CPU
		{3AAA214C-5F40-4E56-82F2-D2DB96EF9CB2}.Release|x64.Build.0 = Release|Any CPU
		{3AAA214C-5F40-4E56-82F2-D2DB96EF9CB2}.Release|x86.ActiveCfg = Release|Any CPU
		{3AAA214C-5F40-4E56-82F2-D2DB96EF9CB2}.Release|x86.Build.0 = Release|Any CPU
		{5A155A07-635B-43A3-B401-3BDE5CC3C0FA}.Debug|Any CPU.ActiveCfg = Debug|Any CPU
		{5A155A07-635B-43A3-B401-3BDE5CC3C0FA}.Debug|Any CPU.Build.0 = Debug|Any CPU
		{5A155A07-635B-43A3-B401-3BDE5CC3C0FA}.Debug|x64.ActiveCfg = Debug|Any CPU
		{5A155A07-635B-43A3-B401-3BDE5CC3C0FA}.Debug|x64.Build.0 = Debug|Any CPU
		{5A155A07-635B-43A3-B401-3BDE5CC3C0FA}.Debug|x86.ActiveCfg = Debug|Any CPU
		{5A155A07-635B-43A3-B401-3BDE5CC3C0FA}.Debug|x86.Build.0 = Debug|Any CPU
		{5A155A07-635B-43A3-B401-3BDE5CC3C0FA}.Release|Any CPU.ActiveCfg = Release|Any CPU
		{5A155A07-635B-43A3-B401-3BDE5CC3C0FA}.Release|Any CPU.Build.0 = Release|Any CPU
		{5A155A07-635B-43A3-B401-3BDE5CC3C0FA}.Release|x64.ActiveCfg = Release|Any CPU
		{5A155A07-635B-43A3-B401-3BDE5CC3C0FA}.Release|x64.Build.0 = Release|Any CPU
		{5A155A07-635B-43A3-B401-3BDE5CC3C0FA}.Release|x86.ActiveCfg = Release|Any CPU
		{5A155A07-635B-43A3-B401-3BDE5CC3C0FA}.Release|x86.Build.0 = Release|Any CPU
		{E7E51195-2770-421B-B8A2-D7E2EDA78FE1}.Debug|Any CPU.ActiveCfg = Debug|Any CPU
		{E7E51195-2770-421B-B8A2-D7E2EDA78FE1}.Debug|Any CPU.Build.0 = Debug|Any CPU
		{E7E51195-2770-421B-B8A2-D7E2EDA78FE1}.Debug|x64.ActiveCfg = Debug|Any CPU
		{E7E51195-2770-421B-B8A2-D7E2EDA78FE1}.Debug|x64.Build.0 = Debug|Any CPU
		{E7E51195-2770-421B-B8A2-D7E2EDA78FE1}.Debug|x86.ActiveCfg = Debug|Any CPU
		{E7E51195-2770-421B-B8A2-D7E2EDA78FE1}.Debug|x86.Build.0 = Debug|Any CPU
		{E7E51195-2770-421B-B8A2-D7E2EDA78FE1}.Release|Any CPU.ActiveCfg = Release|Any CPU
		{E7E51195-2770-421B-B8A2-D7E2EDA78FE1}.Release|Any CPU.Build.0 = Release|Any CPU
		{E7E51195-2770-421B-B8A2-D7E2EDA78FE1}.Release|x64.ActiveCfg = Release|Any CPU
		{E7E51195-2770-421B-B8A2-D7E2EDA78FE1}.Release|x64.Build.0 = Release|Any CPU
		{E7E51195-2770-421B-B8A2-D7E2EDA78FE1}.Release|x86.ActiveCfg = Release|Any CPU
		{E7E51195-2770-421B-B8A2-D7E2EDA78FE1}.Release|x86.Build.0 = Release|Any CPU
		{F0DCC629-8CD0-472B-B53B-681697089B44}.Debug|Any CPU.ActiveCfg = Debug|Any CPU
		{F0DCC629-8CD0-472B-B53B-681697089B44}.Debug|Any CPU.Build.0 = Debug|Any CPU
		{F0DCC629-8CD0-472B-B53B-681697089B44}.Debug|x64.ActiveCfg = Debug|Any CPU
		{F0DCC629-8CD0-472B-B53B-681697089B44}.Debug|x64.Build.0 = Debug|Any CPU
		{F0DCC629-8CD0-472B-B53B-681697089B44}.Debug|x86.ActiveCfg = Debug|Any CPU
		{F0DCC629-8CD0-472B-B53B-681697089B44}.Debug|x86.Build.0 = Debug|Any CPU
		{F0DCC629-8CD0-472B-B53B-681697089B44}.Release|Any CPU.ActiveCfg = Release|Any CPU
		{F0DCC629-8CD0-472B-B53B-681697089B44}.Release|Any CPU.Build.0 = Release|Any CPU
		{F0DCC629-8CD0-472B-B53B-681697089B44}.Release|x64.ActiveCfg = Release|Any CPU
		{F0DCC629-8CD0-472B-B53B-681697089B44}.Release|x64.Build.0 = Release|Any CPU
		{F0DCC629-8CD0-472B-B53B-681697089B44}.Release|x86.ActiveCfg = Release|Any CPU
		{F0DCC629-8CD0-472B-B53B-681697089B44}.Release|x86.Build.0 = Release|Any CPU
		{85CEE768-3ACC-48FE-9E02-F1C8E2DA7207}.Debug|Any CPU.ActiveCfg = Debug|Any CPU
		{85CEE768-3ACC-48FE-9E02-F1C8E2DA7207}.Debug|Any CPU.Build.0 = Debug|Any CPU
		{85CEE768-3ACC-48FE-9E02-F1C8E2DA7207}.Debug|x64.ActiveCfg = Debug|Any CPU
		{85CEE768-3ACC-48FE-9E02-F1C8E2DA7207}.Debug|x64.Build.0 = Debug|Any CPU
		{85CEE768-3ACC-48FE-9E02-F1C8E2DA7207}.Debug|x86.ActiveCfg = Debug|Any CPU
		{85CEE768-3ACC-48FE-9E02-F1C8E2DA7207}.Debug|x86.Build.0 = Debug|Any CPU
		{85CEE768-3ACC-48FE-9E02-F1C8E2DA7207}.Release|Any CPU.ActiveCfg = Release|Any CPU
		{85CEE768-3ACC-48FE-9E02-F1C8E2DA7207}.Release|Any CPU.Build.0 = Release|Any CPU
		{85CEE768-3ACC-48FE-9E02-F1C8E2DA7207}.Release|x64.ActiveCfg = Release|Any CPU
		{85CEE768-3ACC-48FE-9E02-F1C8E2DA7207}.Release|x64.Build.0 = Release|Any CPU
		{85CEE768-3ACC-48FE-9E02-F1C8E2DA7207}.Release|x86.ActiveCfg = Release|Any CPU
		{85CEE768-3ACC-48FE-9E02-F1C8E2DA7207}.Release|x86.Build.0 = Release|Any CPU
		{2FBA0F7C-B020-48AF-B1C4-1E41DF9FF708}.Debug|Any CPU.ActiveCfg = Debug|Any CPU
		{2FBA0F7C-B020-48AF-B1C4-1E41DF9FF708}.Debug|Any CPU.Build.0 = Debug|Any CPU
		{2FBA0F7C-B020-48AF-B1C4-1E41DF9FF708}.Debug|x64.ActiveCfg = Debug|Any CPU
		{2FBA0F7C-B020-48AF-B1C4-1E41DF9FF708}.Debug|x64.Build.0 = Debug|Any CPU
		{2FBA0F7C-B020-48AF-B1C4-1E41DF9FF708}.Debug|x86.ActiveCfg = Debug|Any CPU
		{2FBA0F7C-B020-48AF-B1C4-1E41DF9FF708}.Debug|x86.Build.0 = Debug|Any CPU
		{2FBA0F7C-B020-48AF-B1C4-1E41DF9FF708}.Release|Any CPU.ActiveCfg = Release|Any CPU
		{2FBA0F7C-B020-48AF-B1C4-1E41DF9FF708}.Release|Any CPU.Build.0 = Release|Any CPU
		{2FBA0F7C-B020-48AF-B1C4-1E41DF9FF708}.Release|x64.ActiveCfg = Release|Any CPU
		{2FBA0F7C-B020-48AF-B1C4-1E41DF9FF708}.Release|x64.Build.0 = Release|Any CPU
		{2FBA0F7C-B020-48AF-B1C4-1E41DF9FF708}.Release|x86.ActiveCfg = Release|Any CPU
		{2FBA0F7C-B020-48AF-B1C4-1E41DF9FF708}.Release|x86.Build.0 = Release|Any CPU
		{DE47D8BC-BF8B-4B73-9B01-049F57AB10B2}.Debug|Any CPU.ActiveCfg = Debug|Any CPU
		{DE47D8BC-BF8B-4B73-9B01-049F57AB10B2}.Debug|Any CPU.Build.0 = Debug|Any CPU
		{DE47D8BC-BF8B-4B73-9B01-049F57AB10B2}.Debug|x64.ActiveCfg = Debug|Any CPU
		{DE47D8BC-BF8B-4B73-9B01-049F57AB10B2}.Debug|x64.Build.0 = Debug|Any CPU
		{DE47D8BC-BF8B-4B73-9B01-049F57AB10B2}.Debug|x86.ActiveCfg = Debug|Any CPU
		{DE47D8BC-BF8B-4B73-9B01-049F57AB10B2}.Debug|x86.Build.0 = Debug|Any CPU
		{DE47D8BC-BF8B-4B73-9B01-049F57AB10B2}.Release|Any CPU.ActiveCfg = Release|Any CPU
		{DE47D8BC-BF8B-4B73-9B01-049F57AB10B2}.Release|Any CPU.Build.0 = Release|Any CPU
		{DE47D8BC-BF8B-4B73-9B01-049F57AB10B2}.Release|x64.ActiveCfg = Release|Any CPU
		{DE47D8BC-BF8B-4B73-9B01-049F57AB10B2}.Release|x64.Build.0 = Release|Any CPU
		{DE47D8BC-BF8B-4B73-9B01-049F57AB10B2}.Release|x86.ActiveCfg = Release|Any CPU
		{DE47D8BC-BF8B-4B73-9B01-049F57AB10B2}.Release|x86.Build.0 = Release|Any CPU
	EndGlobalSection
	GlobalSection(SolutionProperties) = preSolution
		HideSolutionNode = FALSE
	EndGlobalSection
	GlobalSection(NestedProjects) = preSolution
		{F313BA0E-57FD-4762-9546-A812664AB2D5} = {1B6BAD2E-C431-4147-985A-567781A1A7DC}
		{83C2CD3B-BA89-46F2-828F-96A5700537E7} = {1B6BAD2E-C431-4147-985A-567781A1A7DC}
		{F8F98656-6661-46CA-91C3-BBFA57ED289C} = {1B6BAD2E-C431-4147-985A-567781A1A7DC}
		{D02B0FF7-8512-43B8-87A2-4E08D9AA70FB} = {1B6BAD2E-C431-4147-985A-567781A1A7DC}
		{90678BC9-F386-471A-9322-7FA7EB3507FE} = {1B6BAD2E-C431-4147-985A-567781A1A7DC}
		{3AAA214C-5F40-4E56-82F2-D2DB96EF9CB2} = {1B6BAD2E-C431-4147-985A-567781A1A7DC}
		{5A155A07-635B-43A3-B401-3BDE5CC3C0FA} = {1B6BAD2E-C431-4147-985A-567781A1A7DC}
		{E7E51195-2770-421B-B8A2-D7E2EDA78FE1} = {1B6BAD2E-C431-4147-985A-567781A1A7DC}
		{F0DCC629-8CD0-472B-B53B-681697089B44} = {1B6BAD2E-C431-4147-985A-567781A1A7DC}
		{85CEE768-3ACC-48FE-9E02-F1C8E2DA7207} = {1B6BAD2E-C431-4147-985A-567781A1A7DC}
		{2FBA0F7C-B020-48AF-B1C4-1E41DF9FF708} = {1B6BAD2E-C431-4147-985A-567781A1A7DC}
		{DE47D8BC-BF8B-4B73-9B01-049F57AB10B2} = {1B6BAD2E-C431-4147-985A-567781A1A7DC}
	EndGlobalSection
	GlobalSection(ExtensibilityGlobals) = postSolution
		SolutionGuid = {811233D0-C22B-4D48-8BAB-C28A124261A0}
	EndGlobalSection
EndGlobal
