
Microsoft Visual Studio Solution File, Format Version 12.00
# Visual Studio Version 17
VisualStudioVersion = 17.7.34202.233
MinimumVisualStudioVersion = 10.0.40219.1
Project("{2150E333-8FDC-42A3-9474-1A3956D46DE8}") = "src", "src", "{15E87927-4979-4A46-AC47-2FEEB7714ADE}"
EndProject
Project("{2150E333-8FDC-42A3-9474-1A3956D46DE8}") = "docs", "docs", "{43389B9F-4082-4DCA-A1FD-B9CA287B5E1C}"
EndProject
Project("{2150E333-8FDC-42A3-9474-1A3956D46DE8}") = "sql", "sql", "{7709C868-4EA7-4ED0-99CE-3B7BA9FF9BC1}"
	ProjectSection(SolutionItems) = preProject
		sql\identityserver4.sql = sql\identityserver4.sql
	EndProjectSection
EndProject
Project("{2150E333-8FDC-42A3-9474-1A3956D46DE8}") = "1 - Apis", "1 - Apis", "{441C603B-D8F6-4531-9E04-50DFF20E6723}"
EndProject
Project("{2150E333-8FDC-42A3-9474-1A3956D46DE8}") = "2 - Application", "2 - Application", "{10D21EB7-5CCD-4D04-8553-18B16C189E85}"
EndProject
Project("{2150E333-8FDC-42A3-9474-1A3956D46DE8}") = "3 - Domain", "3 - Domain", "{575C3D8C-6329-4764-BA4F-77152DCA8F8A}"
EndProject
Project("{2150E333-8FDC-42A3-9474-1A3956D46DE8}") = "4 - Infra", "4 - Infra", "{26F4CDCB-E678-4971-B39E-4D9EEA9396E0}"
EndProject
Project("{2150E333-8FDC-42A3-9474-1A3956D46DE8}") = "4.1 - Data", "4.1 - Data", "{5E93C6CF-ACD3-4C10-A33F-DCE7341DBE80}"
EndProject
Project("{2150E333-8FDC-42A3-9474-1A3956D46DE8}") = "4.3 - CrossCutting", "4.3 - CrossCutting", "{AC303457-7C7A-4F08-99A4-6DB083EDEF75}"
EndProject
Project("{2150E333-8FDC-42A3-9474-1A3956D46DE8}") = "4.2 - ORM", "4.2 - ORM", "{A2477DF5-4284-4D9E-8AF6-F896C6BCE595}"
EndProject
Project("{FAE04EC0-301F-11D3-BF4B-00C04F79EFBC}") = "Dawning.Auth.Services.Api", "src\Dawning.Auth.Services.Api\Dawning.Auth.Services.Api.csproj", "{E819D15E-7181-440A-A94B-80F4C3B36724}"
EndProject
Project("{FAE04EC0-301F-11D3-BF4B-00C04F79EFBC}") = "Dawning.Auth.Application", "src\Dawning.Auth.Application\Dawning.Auth.Application.csproj", "{36CAABED-7076-443B-81B8-582E77E47468}"
EndProject
Project("{FAE04EC0-301F-11D3-BF4B-00C04F79EFBC}") = "Dawning.Auth.Domain", "src\Dawning.Auth.Domain\Dawning.Auth.Domain.csproj", "{793387E4-CB66-433E-AA23-76EA992835EC}"
EndProject
Project("{FAE04EC0-301F-11D3-BF4B-00C04F79EFBC}") = "Dawning.Auth.Domain.Core", "src\Dawning.Auth.Domain.Core\Dawning.Auth.Domain.Core.csproj", "{A14AB9D0-217A-4FE3-A344-653B57BF6F34}"
EndProject
Project("{FAE04EC0-301F-11D3-BF4B-00C04F79EFBC}") = "Dawning.Auth.Infra.Data", "src\Dawning.Auth.Infra.Data\Dawning.Auth.Infra.Data.csproj", "{F5B5C821-9C4C-4E41-B780-389176EB931E}"
EndProject
Project("{FAE04EC0-301F-11D3-BF4B-00C04F79EFBC}") = "Dawning.Auth.Dapper.Contrib", "src\Dawning.Auth.Dapper.Contrib\Dawning.Auth.Dapper.Contrib.csproj", "{1DA6AFE0-33D2-44C8-B784-612337970DBC}"
EndProject
Project("{FAE04EC0-301F-11D3-BF4B-00C04F79EFBC}") = "Dawning.Auth.Infra.CrossCutting.IoC", "src\Dawning.Auth.Infra.CrossCutting.IoC\Dawning.Auth.Infra.CrossCutting.IoC.csproj", "{2F892064-9AAF-4A2C-B55D-409D38E1380A}"
EndProject
Project("{FAE04EC0-301F-11D3-BF4B-00C04F79EFBC}") = "Dawning.Auth.Infra.CrossCutting.Utils", "src\Dawning.Auth.Infra.CrossCutting.Utils\Dawning.Auth.Infra.CrossCutting.Utils.csproj", "{A8A198BF-9462-4B01-AE2C-817380719803}"
EndProject
Project("{FAE04EC0-301F-11D3-BF4B-00C04F79EFBC}") = "Dawning.Auth.Infra.CrossCutting.Mapping", "src\Dawning.Infra.CrossCutting.Mapping\Dawning.Auth.Infra.CrossCutting.Mapping.csproj", "{CB3F4752-EF21-4809-A8BB-C2B03CB961BE}"
EndProject
Global
	GlobalSection(SolutionConfigurationPlatforms) = preSolution
		Debug|Any CPU = Debug|Any CPU
		Release|Any CPU = Release|Any CPU
	EndGlobalSection
	GlobalSection(ProjectConfigurationPlatforms) = postSolution
		{E819D15E-7181-440A-A94B-80F4C3B36724}.Debug|Any CPU.ActiveCfg = Debug|Any CPU
		{E819D15E-7181-440A-A94B-80F4C3B36724}.Debug|Any CPU.Build.0 = Debug|Any CPU
		{E819D15E-7181-440A-A94B-80F4C3B36724}.Release|Any CPU.ActiveCfg = Release|Any CPU
		{E819D15E-7181-440A-A94B-80F4C3B36724}.Release|Any CPU.Build.0 = Release|Any CPU
		{36CAABED-7076-443B-81B8-582E77E47468}.Debug|Any CPU.ActiveCfg = Debug|Any CPU
		{36CAABED-7076-443B-81B8-582E77E47468}.Debug|Any CPU.Build.0 = Debug|Any CPU
		{36CAABED-7076-443B-81B8-582E77E47468}.Release|Any CPU.ActiveCfg = Release|Any CPU
		{36CAABED-7076-443B-81B8-582E77E47468}.Release|Any CPU.Build.0 = Release|Any CPU
		{793387E4-CB66-433E-AA23-76EA992835EC}.Debug|Any CPU.ActiveCfg = Debug|Any CPU
		{793387E4-CB66-433E-AA23-76EA992835EC}.Debug|Any CPU.Build.0 = Debug|Any CPU
		{793387E4-CB66-433E-AA23-76EA992835EC}.Release|Any CPU.ActiveCfg = Release|Any CPU
		{793387E4-CB66-433E-AA23-76EA992835EC}.Release|Any CPU.Build.0 = Release|Any CPU
		{A14AB9D0-217A-4FE3-A344-653B57BF6F34}.Debug|Any CPU.ActiveCfg = Debug|Any CPU
		{A14AB9D0-217A-4FE3-A344-653B57BF6F34}.Debug|Any CPU.Build.0 = Debug|Any CPU
		{A14AB9D0-217A-4FE3-A344-653B57BF6F34}.Release|Any CPU.ActiveCfg = Release|Any CPU
		{A14AB9D0-217A-4FE3-A344-653B57BF6F34}.Release|Any CPU.Build.0 = Release|Any CPU
		{F5B5C821-9C4C-4E41-B780-389176EB931E}.Debug|Any CPU.ActiveCfg = Debug|Any CPU
		{F5B5C821-9C4C-4E41-B780-389176EB931E}.Debug|Any CPU.Build.0 = Debug|Any CPU
		{F5B5C821-9C4C-4E41-B780-389176EB931E}.Release|Any CPU.ActiveCfg = Release|Any CPU
		{F5B5C821-9C4C-4E41-B780-389176EB931E}.Release|Any CPU.Build.0 = Release|Any CPU
		{1DA6AFE0-33D2-44C8-B784-612337970DBC}.Debug|Any CPU.ActiveCfg = Debug|Any CPU
		{1DA6AFE0-33D2-44C8-B784-612337970DBC}.Debug|Any CPU.Build.0 = Debug|Any CPU
		{1DA6AFE0-33D2-44C8-B784-612337970DBC}.Release|Any CPU.ActiveCfg = Release|Any CPU
		{1DA6AFE0-33D2-44C8-B784-612337970DBC}.Release|Any CPU.Build.0 = Release|Any CPU
		{2F892064-9AAF-4A2C-B55D-409D38E1380A}.Debug|Any CPU.ActiveCfg = Debug|Any CPU
		{2F892064-9AAF-4A2C-B55D-409D38E1380A}.Debug|Any CPU.Build.0 = Debug|Any CPU
		{2F892064-9AAF-4A2C-B55D-409D38E1380A}.Release|Any CPU.ActiveCfg = Release|Any CPU
		{2F892064-9AAF-4A2C-B55D-409D38E1380A}.Release|Any CPU.Build.0 = Release|Any CPU
		{A8A198BF-9462-4B01-AE2C-817380719803}.Debug|Any CPU.ActiveCfg = Debug|Any CPU
		{A8A198BF-9462-4B01-AE2C-817380719803}.Debug|Any CPU.Build.0 = Debug|Any CPU
		{A8A198BF-9462-4B01-AE2C-817380719803}.Release|Any CPU.ActiveCfg = Release|Any CPU
		{A8A198BF-9462-4B01-AE2C-817380719803}.Release|Any CPU.Build.0 = Release|Any CPU
		{CB3F4752-EF21-4809-A8BB-C2B03CB961BE}.Debug|Any CPU.ActiveCfg = Debug|Any CPU
		{CB3F4752-EF21-4809-A8BB-C2B03CB961BE}.Debug|Any CPU.Build.0 = Debug|Any CPU
		{CB3F4752-EF21-4809-A8BB-C2B03CB961BE}.Release|Any CPU.ActiveCfg = Release|Any CPU
		{CB3F4752-EF21-4809-A8BB-C2B03CB961BE}.Release|Any CPU.Build.0 = Release|Any CPU
	EndGlobalSection
	GlobalSection(SolutionProperties) = preSolution
		HideSolutionNode = FALSE
	EndGlobalSection
	GlobalSection(NestedProjects) = preSolution
		{441C603B-D8F6-4531-9E04-50DFF20E6723} = {15E87927-4979-4A46-AC47-2FEEB7714ADE}
		{10D21EB7-5CCD-4D04-8553-18B16C189E85} = {15E87927-4979-4A46-AC47-2FEEB7714ADE}
		{575C3D8C-6329-4764-BA4F-77152DCA8F8A} = {15E87927-4979-4A46-AC47-2FEEB7714ADE}
		{26F4CDCB-E678-4971-B39E-4D9EEA9396E0} = {15E87927-4979-4A46-AC47-2FEEB7714ADE}
		{5E93C6CF-ACD3-4C10-A33F-DCE7341DBE80} = {26F4CDCB-E678-4971-B39E-4D9EEA9396E0}
		{AC303457-7C7A-4F08-99A4-6DB083EDEF75} = {26F4CDCB-E678-4971-B39E-4D9EEA9396E0}
		{A2477DF5-4284-4D9E-8AF6-F896C6BCE595} = {26F4CDCB-E678-4971-B39E-4D9EEA9396E0}
		{E819D15E-7181-440A-A94B-80F4C3B36724} = {441C603B-D8F6-4531-9E04-50DFF20E6723}
		{36CAABED-7076-443B-81B8-582E77E47468} = {10D21EB7-5CCD-4D04-8553-18B16C189E85}
		{793387E4-CB66-433E-AA23-76EA992835EC} = {575C3D8C-6329-4764-BA4F-77152DCA8F8A}
		{A14AB9D0-217A-4FE3-A344-653B57BF6F34} = {575C3D8C-6329-4764-BA4F-77152DCA8F8A}
		{F5B5C821-9C4C-4E41-B780-389176EB931E} = {5E93C6CF-ACD3-4C10-A33F-DCE7341DBE80}
		{1DA6AFE0-33D2-44C8-B784-612337970DBC} = {A2477DF5-4284-4D9E-8AF6-F896C6BCE595}
		{2F892064-9AAF-4A2C-B55D-409D38E1380A} = {AC303457-7C7A-4F08-99A4-6DB083EDEF75}
		{A8A198BF-9462-4B01-AE2C-817380719803} = {AC303457-7C7A-4F08-99A4-6DB083EDEF75}
		{CB3F4752-EF21-4809-A8BB-C2B03CB961BE} = {AC303457-7C7A-4F08-99A4-6DB083EDEF75}
	EndGlobalSection
	GlobalSection(ExtensibilityGlobals) = postSolution
		SolutionGuid = {932F9F1A-E1D9-4D79-A9D4-29EC5A7B3C26}
	EndGlobalSection
	GlobalSection(MonoDevelopProperties) = preSolution
		Policies = $0
		$0.DotNetNamingPolicy = $1
		$1.DirectoryNamespaceAssociation = PrefixedHierarchical
		$0.TextStylePolicy = $2
		$2.inheritsSet = null
		$2.scope = text/x-csharp
		$0.CSharpFormattingPolicy = $3
		$3.scope = text/x-csharp
		$0.TextStylePolicy = $4
		$4.FileWidth = 80
		$4.TabsToSpaces = True
		$4.scope = text/plain
		$0.TextStylePolicy = $5
		$5.inheritsSet = null
		$5.scope = text/x-json
		$0.TextStylePolicy = $6
		$6.inheritsSet = null
		$6.scope = text/x-web
		$0.TextStylePolicy = $7
		$7.inheritsSet = null
		$7.scope = text/x-vs
		$0.StandardHeader = $8
		outputpath = build/bin
	EndGlobalSection
EndGlobal
