
Microsoft Visual Studio Solution File, Format Version 12.00
# Visual Studio Version 17
VisualStudioVersion = 17.0.31903.59
MinimumVisualStudioVersion = 10.0.40219.1
Project("{FAE04EC0-301F-11D3-BF4B-00C04F79EFBC}") = "Dawning.Core", "Dawning.Core\Dawning.Core.csproj", "{9CD8059C-9975-439B-B361-0B14F8BF8F0F}"
EndProject
Project("{FAE04EC0-301F-11D3-BF4B-00C04F79EFBC}") = "Dawning.Extensions", "Dawning.Extensions\Dawning.Extensions.csproj", "{5AA2A836-9A5E-4850-8040-1AC65450D70A}"
EndProject
Project("{FAE04EC0-301F-11D3-BF4B-00C04F79EFBC}") = "Dawning.Identity", "Dawning.Identity\Dawning.Identity.csproj", "{83852521-BA86-470B-BA1A-9621ECF4723E}"
EndProject
Project("{FAE04EC0-301F-11D3-BF4B-00C04F79EFBC}") = "Dawning.Logging", "Dawning.Logging\Dawning.Logging.csproj", "{DBEE968F-98CD-42B9-9B07-A30AC868A257}"
EndProject
Project("{FAE04EC0-301F-11D3-BF4B-00C04F79EFBC}") = "Dawning.ORM.Dapper", "Dawning.ORM.Dapper\Dawning.ORM.Dapper.csproj", "{CC0AD2DF-86B9-496F-9131-87C94BEA92A2}"
EndProject
Project("{FAE04EC0-301F-11D3-BF4B-00C04F79EFBC}") = "Dawning.Resilience", "Dawning.Resilience\Dawning.Resilience.csproj", "{05329E72-3B03-4F31-B15A-DAAA001564BE}"
EndProject
Project("{2150E333-8FDC-42A3-9474-1A3956D46DE8}") = "tests", "tests", "{0AB3BF05-4346-4AA6-1389-037BE0695223}"
EndProject
Project("{FAE04EC0-301F-11D3-BF4B-00C04F79EFBC}") = "Dawning.Core.Tests", "tests\Dawning.Core.Tests\Dawning.Core.Tests.csproj", "{B2307B8B-1D9A-4754-8422-BAB647825DFA}"
EndProject
Project("{FAE04EC0-301F-11D3-BF4B-00C04F79EFBC}") = "Dawning.Extensions.Tests", "tests\Dawning.Extensions.Tests\Dawning.Extensions.Tests.csproj", "{95E36C9C-53F9-4D25-BD38-DA4245B4F057}"
EndProject
Project("{FAE04EC0-301F-11D3-BF4B-00C04F79EFBC}") = "Dawning.Identity.Tests", "tests\Dawning.Identity.Tests\Dawning.Identity.Tests.csproj", "{E0101F44-2A47-418A-8F2B-00ACEB4969F0}"
EndProject
Project("{FAE04EC0-301F-11D3-BF4B-00C04F79EFBC}") = "Dawning.Resilience.Tests", "tests\Dawning.Resilience.Tests\Dawning.Resilience.Tests.csproj", "{C08B9E4F-D3B5-42EF-B99E-1CDED11A062B}"
EndProject
Project("{FAE04EC0-301F-11D3-BF4B-00C04F79EFBC}") = "Dawning.ORM.Dapper.Tests", "tests\Dawning.ORM.Dapper.Tests\Dawning.ORM.Dapper.Tests.csproj", "{23F08707-F546-4BAF-AF2D-0E39B8B2D71D}"
EndProject
Project("{FAE04EC0-301F-11D3-BF4B-00C04F79EFBC}") = "Dawning.Logging.Tests", "tests\Dawning.Logging.Tests\Dawning.Logging.Tests.csproj", "{6F853675-82D6-4E10-A3E6-1C1AC220C1A1}"
EndProject
Project("{2150E333-8FDC-42A3-9474-1A3956D46DE8}") = "samples", "samples", "{5D20AA90-6969-D8BD-9DCD-8634F4692FDA}"
EndProject
Project("{FAE04EC0-301F-11D3-BF4B-00C04F79EFBC}") = "WebApiSample", "samples\WebApiSample\WebApiSample.csproj", "{1E090379-088E-4B91-A2C4-03491A974D62}"
EndProject
Project("{FAE04EC0-301F-11D3-BF4B-00C04F79EFBC}") = "ConsoleSample", "samples\ConsoleSample\ConsoleSample.csproj", "{CF9BC7B9-6486-4B63-A948-654E4300FF57}"
EndProject
Global
	GlobalSection(SolutionConfigurationPlatforms) = preSolution
		Debug|Any CPU = Debug|Any CPU
		Debug|x64 = Debug|x64
		Debug|x86 = Debug|x86
		Release|Any CPU = Release|Any CPU
		Release|x64 = Release|x64
		Release|x86 = Release|x86
	EndGlobalSection
	GlobalSection(ProjectConfigurationPlatforms) = postSolution
		{9CD8059C-9975-439B-B361-0B14F8BF8F0F}.Debug|Any CPU.ActiveCfg = Debug|Any CPU
		{9CD8059C-9975-439B-B361-0B14F8BF8F0F}.Debug|Any CPU.Build.0 = Debug|Any CPU
		{9CD8059C-9975-439B-B361-0B14F8BF8F0F}.Debug|x64.ActiveCfg = Debug|Any CPU
		{9CD8059C-9975-439B-B361-0B14F8BF8F0F}.Debug|x64.Build.0 = Debug|Any CPU
		{9CD8059C-9975-439B-B361-0B14F8BF8F0F}.Debug|x86.ActiveCfg = Debug|Any CPU
		{9CD8059C-9975-439B-B361-0B14F8BF8F0F}.Debug|x86.Build.0 = Debug|Any CPU
		{9CD8059C-9975-439B-B361-0B14F8BF8F0F}.Release|Any CPU.ActiveCfg = Release|Any CPU
		{9CD8059C-9975-439B-B361-0B14F8BF8F0F}.Release|Any CPU.Build.0 = Release|Any CPU
		{9CD8059C-9975-439B-B361-0B14F8BF8F0F}.Release|x64.ActiveCfg = Release|Any CPU
		{9CD8059C-9975-439B-B361-0B14F8BF8F0F}.Release|x64.Build.0 = Release|Any CPU
		{9CD8059C-9975-439B-B361-0B14F8BF8F0F}.Release|x86.ActiveCfg = Release|Any CPU
		{9CD8059C-9975-439B-B361-0B14F8BF8F0F}.Release|x86.Build.0 = Release|Any CPU
		{5AA2A836-9A5E-4850-8040-1AC65450D70A}.Debug|Any CPU.ActiveCfg = Debug|Any CPU
		{5AA2A836-9A5E-4850-8040-1AC65450D70A}.Debug|Any CPU.Build.0 = Debug|Any CPU
		{5AA2A836-9A5E-4850-8040-1AC65450D70A}.Debug|x64.ActiveCfg = Debug|Any CPU
		{5AA2A836-9A5E-4850-8040-1AC65450D70A}.Debug|x64.Build.0 = Debug|Any CPU
		{5AA2A836-9A5E-4850-8040-1AC65450D70A}.Debug|x86.ActiveCfg = Debug|Any CPU
		{5AA2A836-9A5E-4850-8040-1AC65450D70A}.Debug|x86.Build.0 = Debug|Any CPU
		{5AA2A836-9A5E-4850-8040-1AC65450D70A}.Release|Any CPU.ActiveCfg = Release|Any CPU
		{5AA2A836-9A5E-4850-8040-1AC65450D70A}.Release|Any CPU.Build.0 = Release|Any CPU
		{5AA2A836-9A5E-4850-8040-1AC65450D70A}.Release|x64.ActiveCfg = Release|Any CPU
		{5AA2A836-9A5E-4850-8040-1AC65450D70A}.Release|x64.Build.0 = Release|Any CPU
		{5AA2A836-9A5E-4850-8040-1AC65450D70A}.Release|x86.ActiveCfg = Release|Any CPU
		{5AA2A836-9A5E-4850-8040-1AC65450D70A}.Release|x86.Build.0 = Release|Any CPU
		{83852521-BA86-470B-BA1A-9621ECF4723E}.Debug|Any CPU.ActiveCfg = Debug|Any CPU
		{83852521-BA86-470B-BA1A-9621ECF4723E}.Debug|Any CPU.Build.0 = Debug|Any CPU
		{83852521-BA86-470B-BA1A-9621ECF4723E}.Debug|x64.ActiveCfg = Debug|Any CPU
		{83852521-BA86-470B-BA1A-9621ECF4723E}.Debug|x64.Build.0 = Debug|Any CPU
		{83852521-BA86-470B-BA1A-9621ECF4723E}.Debug|x86.ActiveCfg = Debug|Any CPU
		{83852521-BA86-470B-BA1A-9621ECF4723E}.Debug|x86.Build.0 = Debug|Any CPU
		{83852521-BA86-470B-BA1A-9621ECF4723E}.Release|Any CPU.ActiveCfg = Release|Any CPU
		{83852521-BA86-470B-BA1A-9621ECF4723E}.Release|Any CPU.Build.0 = Release|Any CPU
		{83852521-BA86-470B-BA1A-9621ECF4723E}.Release|x64.ActiveCfg = Release|Any CPU
		{83852521-BA86-470B-BA1A-9621ECF4723E}.Release|x64.Build.0 = Release|Any CPU
		{83852521-BA86-470B-BA1A-9621ECF4723E}.Release|x86.ActiveCfg = Release|Any CPU
		{83852521-BA86-470B-BA1A-9621ECF4723E}.Release|x86.Build.0 = Release|Any CPU
		{DBEE968F-98CD-42B9-9B07-A30AC868A257}.Debug|Any CPU.ActiveCfg = Debug|Any CPU
		{DBEE968F-98CD-42B9-9B07-A30AC868A257}.Debug|Any CPU.Build.0 = Debug|Any CPU
		{DBEE968F-98CD-42B9-9B07-A30AC868A257}.Debug|x64.ActiveCfg = Debug|Any CPU
		{DBEE968F-98CD-42B9-9B07-A30AC868A257}.Debug|x64.Build.0 = Debug|Any CPU
		{DBEE968F-98CD-42B9-9B07-A30AC868A257}.Debug|x86.ActiveCfg = Debug|Any CPU
		{DBEE968F-98CD-42B9-9B07-A30AC868A257}.Debug|x86.Build.0 = Debug|Any CPU
		{DBEE968F-98CD-42B9-9B07-A30AC868A257}.Release|Any CPU.ActiveCfg = Release|Any CPU
		{DBEE968F-98CD-42B9-9B07-A30AC868A257}.Release|Any CPU.Build.0 = Release|Any CPU
		{DBEE968F-98CD-42B9-9B07-A30AC868A257}.Release|x64.ActiveCfg = Release|Any CPU
		{DBEE968F-98CD-42B9-9B07-A30AC868A257}.Release|x64.Build.0 = Release|Any CPU
		{DBEE968F-98CD-42B9-9B07-A30AC868A257}.Release|x86.ActiveCfg = Release|Any CPU
		{DBEE968F-98CD-42B9-9B07-A30AC868A257}.Release|x86.Build.0 = Release|Any CPU
		{CC0AD2DF-86B9-496F-9131-87C94BEA92A2}.Debug|Any CPU.ActiveCfg = Debug|Any CPU
		{CC0AD2DF-86B9-496F-9131-87C94BEA92A2}.Debug|Any CPU.Build.0 = Debug|Any CPU
		{CC0AD2DF-86B9-496F-9131-87C94BEA92A2}.Debug|x64.ActiveCfg = Debug|Any CPU
		{CC0AD2DF-86B9-496F-9131-87C94BEA92A2}.Debug|x64.Build.0 = Debug|Any CPU
		{CC0AD2DF-86B9-496F-9131-87C94BEA92A2}.Debug|x86.ActiveCfg = Debug|Any CPU
		{CC0AD2DF-86B9-496F-9131-87C94BEA92A2}.Debug|x86.Build.0 = Debug|Any CPU
		{CC0AD2DF-86B9-496F-9131-87C94BEA92A2}.Release|Any CPU.ActiveCfg = Release|Any CPU
		{CC0AD2DF-86B9-496F-9131-87C94BEA92A2}.Release|Any CPU.Build.0 = Release|Any CPU
		{CC0AD2DF-86B9-496F-9131-87C94BEA92A2}.Release|x64.ActiveCfg = Release|Any CPU
		{CC0AD2DF-86B9-496F-9131-87C94BEA92A2}.Release|x64.Build.0 = Release|Any CPU
		{CC0AD2DF-86B9-496F-9131-87C94BEA92A2}.Release|x86.ActiveCfg = Release|Any CPU
		{CC0AD2DF-86B9-496F-9131-87C94BEA92A2}.Release|x86.Build.0 = Release|Any CPU
		{05329E72-3B03-4F31-B15A-DAAA001564BE}.Debug|Any CPU.ActiveCfg = Debug|Any CPU
		{05329E72-3B03-4F31-B15A-DAAA001564BE}.Debug|Any CPU.Build.0 = Debug|Any CPU
		{05329E72-3B03-4F31-B15A-DAAA001564BE}.Debug|x64.ActiveCfg = Debug|Any CPU
		{05329E72-3B03-4F31-B15A-DAAA001564BE}.Debug|x64.Build.0 = Debug|Any CPU
		{05329E72-3B03-4F31-B15A-DAAA001564BE}.Debug|x86.ActiveCfg = Debug|Any CPU
		{05329E72-3B03-4F31-B15A-DAAA001564BE}.Debug|x86.Build.0 = Debug|Any CPU
		{05329E72-3B03-4F31-B15A-DAAA001564BE}.Release|Any CPU.ActiveCfg = Release|Any CPU
		{05329E72-3B03-4F31-B15A-DAAA001564BE}.Release|Any CPU.Build.0 = Release|Any CPU
		{05329E72-3B03-4F31-B15A-DAAA001564BE}.Release|x64.ActiveCfg = Release|Any CPU
		{05329E72-3B03-4F31-B15A-DAAA001564BE}.Release|x64.Build.0 = Release|Any CPU
		{05329E72-3B03-4F31-B15A-DAAA001564BE}.Release|x86.ActiveCfg = Release|Any CPU
		{05329E72-3B03-4F31-B15A-DAAA001564BE}.Release|x86.Build.0 = Release|Any CPU
		{B2307B8B-1D9A-4754-8422-BAB647825DFA}.Debug|Any CPU.ActiveCfg = Debug|Any CPU
		{B2307B8B-1D9A-4754-8422-BAB647825DFA}.Debug|Any CPU.Build.0 = Debug|Any CPU
		{B2307B8B-1D9A-4754-8422-BAB647825DFA}.Debug|x64.ActiveCfg = Debug|Any CPU
		{B2307B8B-1D9A-4754-8422-BAB647825DFA}.Debug|x64.Build.0 = Debug|Any CPU
		{B2307B8B-1D9A-4754-8422-BAB647825DFA}.Debug|x86.ActiveCfg = Debug|Any CPU
		{B2307B8B-1D9A-4754-8422-BAB647825DFA}.Debug|x86.Build.0 = Debug|Any CPU
		{B2307B8B-1D9A-4754-8422-BAB647825DFA}.Release|Any CPU.ActiveCfg = Release|Any CPU
		{B2307B8B-1D9A-4754-8422-BAB647825DFA}.Release|Any CPU.Build.0 = Release|Any CPU
		{B2307B8B-1D9A-4754-8422-BAB647825DFA}.Release|x64.ActiveCfg = Release|Any CPU
		{B2307B8B-1D9A-4754-8422-BAB647825DFA}.Release|x64.Build.0 = Release|Any CPU
		{B2307B8B-1D9A-4754-8422-BAB647825DFA}.Release|x86.ActiveCfg = Release|Any CPU
		{B2307B8B-1D9A-4754-8422-BAB647825DFA}.Release|x86.Build.0 = Release|Any CPU
		{95E36C9C-53F9-4D25-BD38-DA4245B4F057}.Debug|Any CPU.ActiveCfg = Debug|Any CPU
		{95E36C9C-53F9-4D25-BD38-DA4245B4F057}.Debug|Any CPU.Build.0 = Debug|Any CPU
		{95E36C9C-53F9-4D25-BD38-DA4245B4F057}.Debug|x64.ActiveCfg = Debug|Any CPU
		{95E36C9C-53F9-4D25-BD38-DA4245B4F057}.Debug|x64.Build.0 = Debug|Any CPU
		{95E36C9C-53F9-4D25-BD38-DA4245B4F057}.Debug|x86.ActiveCfg = Debug|Any CPU
		{95E36C9C-53F9-4D25-BD38-DA4245B4F057}.Debug|x86.Build.0 = Debug|Any CPU
		{95E36C9C-53F9-4D25-BD38-DA4245B4F057}.Release|Any CPU.ActiveCfg = Release|Any CPU
		{95E36C9C-53F9-4D25-BD38-DA4245B4F057}.Release|Any CPU.Build.0 = Release|Any CPU
		{95E36C9C-53F9-4D25-BD38-DA4245B4F057}.Release|x64.ActiveCfg = Release|Any CPU
		{95E36C9C-53F9-4D25-BD38-DA4245B4F057}.Release|x64.Build.0 = Release|Any CPU
		{95E36C9C-53F9-4D25-BD38-DA4245B4F057}.Release|x86.ActiveCfg = Release|Any CPU
		{95E36C9C-53F9-4D25-BD38-DA4245B4F057}.Release|x86.Build.0 = Release|Any CPU
		{E0101F44-2A47-418A-8F2B-00ACEB4969F0}.Debug|Any CPU.ActiveCfg = Debug|Any CPU
		{E0101F44-2A47-418A-8F2B-00ACEB4969F0}.Debug|Any CPU.Build.0 = Debug|Any CPU
		{E0101F44-2A47-418A-8F2B-00ACEB4969F0}.Debug|x64.ActiveCfg = Debug|Any CPU
		{E0101F44-2A47-418A-8F2B-00ACEB4969F0}.Debug|x64.Build.0 = Debug|Any CPU
		{E0101F44-2A47-418A-8F2B-00ACEB4969F0}.Debug|x86.ActiveCfg = Debug|Any CPU
		{E0101F44-2A47-418A-8F2B-00ACEB4969F0}.Debug|x86.Build.0 = Debug|Any CPU
		{E0101F44-2A47-418A-8F2B-00ACEB4969F0}.Release|Any CPU.ActiveCfg = Release|Any CPU
		{E0101F44-2A47-418A-8F2B-00ACEB4969F0}.Release|Any CPU.Build.0 = Release|Any CPU
		{E0101F44-2A47-418A-8F2B-00ACEB4969F0}.Release|x64.ActiveCfg = Release|Any CPU
		{E0101F44-2A47-418A-8F2B-00ACEB4969F0}.Release|x64.Build.0 = Release|Any CPU
		{E0101F44-2A47-418A-8F2B-00ACEB4969F0}.Release|x86.ActiveCfg = Release|Any CPU
		{E0101F44-2A47-418A-8F2B-00ACEB4969F0}.Release|x86.Build.0 = Release|Any CPU
		{C08B9E4F-D3B5-42EF-B99E-1CDED11A062B}.Debug|Any CPU.ActiveCfg = Debug|Any CPU
		{C08B9E4F-D3B5-42EF-B99E-1CDED11A062B}.Debug|Any CPU.Build.0 = Debug|Any CPU
		{C08B9E4F-D3B5-42EF-B99E-1CDED11A062B}.Debug|x64.ActiveCfg = Debug|Any CPU
		{C08B9E4F-D3B5-42EF-B99E-1CDED11A062B}.Debug|x64.Build.0 = Debug|Any CPU
		{C08B9E4F-D3B5-42EF-B99E-1CDED11A062B}.Debug|x86.ActiveCfg = Debug|Any CPU
		{C08B9E4F-D3B5-42EF-B99E-1CDED11A062B}.Debug|x86.Build.0 = Debug|Any CPU
		{C08B9E4F-D3B5-42EF-B99E-1CDED11A062B}.Release|Any CPU.ActiveCfg = Release|Any CPU
		{C08B9E4F-D3B5-42EF-B99E-1CDED11A062B}.Release|Any CPU.Build.0 = Release|Any CPU
		{C08B9E4F-D3B5-42EF-B99E-1CDED11A062B}.Release|x64.ActiveCfg = Release|Any CPU
		{C08B9E4F-D3B5-42EF-B99E-1CDED11A062B}.Release|x64.Build.0 = Release|Any CPU
		{C08B9E4F-D3B5-42EF-B99E-1CDED11A062B}.Release|x86.ActiveCfg = Release|Any CPU
		{C08B9E4F-D3B5-42EF-B99E-1CDED11A062B}.Release|x86.Build.0 = Release|Any CPU
		{23F08707-F546-4BAF-AF2D-0E39B8B2D71D}.Debug|Any CPU.ActiveCfg = Debug|Any CPU
		{23F08707-F546-4BAF-AF2D-0E39B8B2D71D}.Debug|Any CPU.Build.0 = Debug|Any CPU
		{23F08707-F546-4BAF-AF2D-0E39B8B2D71D}.Debug|x64.ActiveCfg = Debug|Any CPU
		{23F08707-F546-4BAF-AF2D-0E39B8B2D71D}.Debug|x64.Build.0 = Debug|Any CPU
		{23F08707-F546-4BAF-AF2D-0E39B8B2D71D}.Debug|x86.ActiveCfg = Debug|Any CPU
		{23F08707-F546-4BAF-AF2D-0E39B8B2D71D}.Debug|x86.Build.0 = Debug|Any CPU
		{23F08707-F546-4BAF-AF2D-0E39B8B2D71D}.Release|Any CPU.ActiveCfg = Release|Any CPU
		{23F08707-F546-4BAF-AF2D-0E39B8B2D71D}.Release|Any CPU.Build.0 = Release|Any CPU
		{23F08707-F546-4BAF-AF2D-0E39B8B2D71D}.Release|x64.ActiveCfg = Release|Any CPU
		{23F08707-F546-4BAF-AF2D-0E39B8B2D71D}.Release|x64.Build.0 = Release|Any CPU
		{23F08707-F546-4BAF-AF2D-0E39B8B2D71D}.Release|x86.ActiveCfg = Release|Any CPU
		{23F08707-F546-4BAF-AF2D-0E39B8B2D71D}.Release|x86.Build.0 = Release|Any CPU
		{6F853675-82D6-4E10-A3E6-1C1AC220C1A1}.Debug|Any CPU.ActiveCfg = Debug|Any CPU
		{6F853675-82D6-4E10-A3E6-1C1AC220C1A1}.Debug|Any CPU.Build.0 = Debug|Any CPU
		{6F853675-82D6-4E10-A3E6-1C1AC220C1A1}.Debug|x64.ActiveCfg = Debug|Any CPU
		{6F853675-82D6-4E10-A3E6-1C1AC220C1A1}.Debug|x64.Build.0 = Debug|Any CPU
		{6F853675-82D6-4E10-A3E6-1C1AC220C1A1}.Debug|x86.ActiveCfg = Debug|Any CPU
		{6F853675-82D6-4E10-A3E6-1C1AC220C1A1}.Debug|x86.Build.0 = Debug|Any CPU
		{6F853675-82D6-4E10-A3E6-1C1AC220C1A1}.Release|Any CPU.ActiveCfg = Release|Any CPU
		{6F853675-82D6-4E10-A3E6-1C1AC220C1A1}.Release|Any CPU.Build.0 = Release|Any CPU
		{6F853675-82D6-4E10-A3E6-1C1AC220C1A1}.Release|x64.ActiveCfg = Release|Any CPU
		{6F853675-82D6-4E10-A3E6-1C1AC220C1A1}.Release|x64.Build.0 = Release|Any CPU
		{6F853675-82D6-4E10-A3E6-1C1AC220C1A1}.Release|x86.ActiveCfg = Release|Any CPU
		{6F853675-82D6-4E10-A3E6-1C1AC220C1A1}.Release|x86.Build.0 = Release|Any CPU
		{1E090379-088E-4B91-A2C4-03491A974D62}.Debug|Any CPU.ActiveCfg = Debug|Any CPU
		{1E090379-088E-4B91-A2C4-03491A974D62}.Debug|Any CPU.Build.0 = Debug|Any CPU
		{1E090379-088E-4B91-A2C4-03491A974D62}.Debug|x64.ActiveCfg = Debug|Any CPU
		{1E090379-088E-4B91-A2C4-03491A974D62}.Debug|x64.Build.0 = Debug|Any CPU
		{1E090379-088E-4B91-A2C4-03491A974D62}.Debug|x86.ActiveCfg = Debug|Any CPU
		{1E090379-088E-4B91-A2C4-03491A974D62}.Debug|x86.Build.0 = Debug|Any CPU
		{1E090379-088E-4B91-A2C4-03491A974D62}.Release|Any CPU.ActiveCfg = Release|Any CPU
		{1E090379-088E-4B91-A2C4-03491A974D62}.Release|Any CPU.Build.0 = Release|Any CPU
		{1E090379-088E-4B91-A2C4-03491A974D62}.Release|x64.ActiveCfg = Release|Any CPU
		{1E090379-088E-4B91-A2C4-03491A974D62}.Release|x64.Build.0 = Release|Any CPU
		{1E090379-088E-4B91-A2C4-03491A974D62}.Release|x86.ActiveCfg = Release|Any CPU
		{1E090379-088E-4B91-A2C4-03491A974D62}.Release|x86.Build.0 = Release|Any CPU
		{CF9BC7B9-6486-4B63-A948-654E4300FF57}.Debug|Any CPU.ActiveCfg = Debug|Any CPU
		{CF9BC7B9-6486-4B63-A948-654E4300FF57}.Debug|Any CPU.Build.0 = Debug|Any CPU
		{CF9BC7B9-6486-4B63-A948-654E4300FF57}.Debug|x64.ActiveCfg = Debug|Any CPU
		{CF9BC7B9-6486-4B63-A948-654E4300FF57}.Debug|x64.Build.0 = Debug|Any CPU
		{CF9BC7B9-6486-4B63-A948-654E4300FF57}.Debug|x86.ActiveCfg = Debug|Any CPU
		{CF9BC7B9-6486-4B63-A948-654E4300FF57}.Debug|x86.Build.0 = Debug|Any CPU
		{CF9BC7B9-6486-4B63-A948-654E4300FF57}.Release|Any CPU.ActiveCfg = Release|Any CPU
		{CF9BC7B9-6486-4B63-A948-654E4300FF57}.Release|Any CPU.Build.0 = Release|Any CPU
		{CF9BC7B9-6486-4B63-A948-654E4300FF57}.Release|x64.ActiveCfg = Release|Any CPU
		{CF9BC7B9-6486-4B63-A948-654E4300FF57}.Release|x64.Build.0 = Release|Any CPU
		{CF9BC7B9-6486-4B63-A948-654E4300FF57}.Release|x86.ActiveCfg = Release|Any CPU
		{CF9BC7B9-6486-4B63-A948-654E4300FF57}.Release|x86.Build.0 = Release|Any CPU
	EndGlobalSection
	GlobalSection(SolutionProperties) = preSolution
		HideSolutionNode = FALSE
	EndGlobalSection
	GlobalSection(NestedProjects) = preSolution
		{B2307B8B-1D9A-4754-8422-BAB647825DFA} = {0AB3BF05-4346-4AA6-1389-037BE0695223}
		{95E36C9C-53F9-4D25-BD38-DA4245B4F057} = {0AB3BF05-4346-4AA6-1389-037BE0695223}
		{E0101F44-2A47-418A-8F2B-00ACEB4969F0} = {0AB3BF05-4346-4AA6-1389-037BE0695223}
		{C08B9E4F-D3B5-42EF-B99E-1CDED11A062B} = {0AB3BF05-4346-4AA6-1389-037BE0695223}
		{23F08707-F546-4BAF-AF2D-0E39B8B2D71D} = {0AB3BF05-4346-4AA6-1389-037BE0695223}
		{6F853675-82D6-4E10-A3E6-1C1AC220C1A1} = {0AB3BF05-4346-4AA6-1389-037BE0695223}
		{1E090379-088E-4B91-A2C4-03491A974D62} = {5D20AA90-6969-D8BD-9DCD-8634F4692FDA}
		{CF9BC7B9-6486-4B63-A948-654E4300FF57} = {5D20AA90-6969-D8BD-9DCD-8634F4692FDA}
	EndGlobalSection
EndGlobal
