
Microsoft Visual Studio Solution File, Format Version 12.00
# Visual Studio Version 17
VisualStudioVersion = 17.0.31903.59
MinimumVisualStudioVersion = 10.0.40219.1
Project("{FAE04EC0-301F-11D3-BF4B-00C04F79EFBC}") = "Dawning.Core", "Dawning.Core\Dawning.Core.csproj", "{9CD8059C-9975-439B-B361-0B14F8BF8F0F}"
EndProject
Project("{FAE04EC0-301F-11D3-BF4B-00C04F79EFBC}") = "Dawning.Extensions", "Dawning.Extensions\Dawning.Extensions.csproj", "{5AA2A836-9A5E-4850-8040-1AC65450D70A}"
EndProject
Project("{FAE04EC0-301F-11D3-BF4B-00C04F79EFBC}") = "Dawning.Identity", "Dawning.Identity\Dawning.Identity.csproj", "{83852521-BA86-470B-BA1A-9621ECF4723E}"
EndProject
Project("{FAE04EC0-301F-11D3-BF4B-00C04F79EFBC}") = "Dawning.Logging", "Dawning.Logging\Dawning.Logging.csproj", "{DBEE968F-98CD-42B9-9B07-A30AC868A257}"
EndProject
Project("{FAE04EC0-301F-11D3-BF4B-00C04F79EFBC}") = "Dawning.ORM.Dapper", "Dawning.ORM.Dapper\Dawning.ORM.Dapper.csproj", "{CC0AD2DF-86B9-496F-9131-87C94BEA92A2}"
EndProject
Project("{FAE04EC0-301F-11D3-BF4B-00C04F79EFBC}") = "Dawning.Resilience", "Dawning.Resilience\Dawning.Resilience.csproj", "{05329E72-3B03-4F31-B15A-DAAA001564BE}"
EndProject
Global
	GlobalSection(SolutionConfigurationPlatforms) = preSolution
		Debug|Any CPU = Debug|Any CPU
		Debug|x64 = Debug|x64
		Debug|x86 = Debug|x86
		Release|Any CPU = Release|Any CPU
		Release|x64 = Release|x64
		Release|x86 = Release|x86
	EndGlobalSection
	GlobalSection(ProjectConfigurationPlatforms) = postSolution
		{9CD8059C-9975-439B-B361-0B14F8BF8F0F}.Debug|Any CPU.ActiveCfg = Debug|Any CPU
		{9CD8059C-9975-439B-B361-0B14F8BF8F0F}.Debug|Any CPU.Build.0 = Debug|Any CPU
		{9CD8059C-9975-439B-B361-0B14F8BF8F0F}.Debug|x64.ActiveCfg = Debug|Any CPU
		{9CD8059C-9975-439B-B361-0B14F8BF8F0F}.Debug|x64.Build.0 = Debug|Any CPU
		{9CD8059C-9975-439B-B361-0B14F8BF8F0F}.Debug|x86.ActiveCfg = Debug|Any CPU
		{9CD8059C-9975-439B-B361-0B14F8BF8F0F}.Debug|x86.Build.0 = Debug|Any CPU
		{9CD8059C-9975-439B-B361-0B14F8BF8F0F}.Release|Any CPU.ActiveCfg = Release|Any CPU
		{9CD8059C-9975-439B-B361-0B14F8BF8F0F}.Release|Any CPU.Build.0 = Release|Any CPU
		{9CD8059C-9975-439B-B361-0B14F8BF8F0F}.Release|x64.ActiveCfg = Release|Any CPU
		{9CD8059C-9975-439B-B361-0B14F8BF8F0F}.Release|x64.Build.0 = Release|Any CPU
		{9CD8059C-9975-439B-B361-0B14F8BF8F0F}.Release|x86.ActiveCfg = Release|Any CPU
		{9CD8059C-9975-439B-B361-0B14F8BF8F0F}.Release|x86.Build.0 = Release|Any CPU
		{5AA2A836-9A5E-4850-8040-1AC65450D70A}.Debug|Any CPU.ActiveCfg = Debug|Any CPU
		{5AA2A836-9A5E-4850-8040-1AC65450D70A}.Debug|Any CPU.Build.0 = Debug|Any CPU
		{5AA2A836-9A5E-4850-8040-1AC65450D70A}.Debug|x64.ActiveCfg = Debug|Any CPU
		{5AA2A836-9A5E-4850-8040-1AC65450D70A}.Debug|x64.Build.0 = Debug|Any CPU
		{5AA2A836-9A5E-4850-8040-1AC65450D70A}.Debug|x86.ActiveCfg = Debug|Any CPU
		{5AA2A836-9A5E-4850-8040-1AC65450D70A}.Debug|x86.Build.0 = Debug|Any CPU
		{5AA2A836-9A5E-4850-8040-1AC65450D70A}.Release|Any CPU.ActiveCfg = Release|Any CPU
		{5AA2A836-9A5E-4850-8040-1AC65450D70A}.Release|Any CPU.Build.0 = Release|Any CPU
		{5AA2A836-9A5E-4850-8040-1AC65450D70A}.Release|x64.ActiveCfg = Release|Any CPU
		{5AA2A836-9A5E-4850-8040-1AC65450D70A}.Release|x64.Build.0 = Release|Any CPU
		{5AA2A836-9A5E-4850-8040-1AC65450D70A}.Release|x86.ActiveCfg = Release|Any CPU
		{5AA2A836-9A5E-4850-8040-1AC65450D70A}.Release|x86.Build.0 = Release|Any CPU
		{83852521-BA86-470B-BA1A-9621ECF4723E}.Debug|Any CPU.ActiveCfg = Debug|Any CPU
		{83852521-BA86-470B-BA1A-9621ECF4723E}.Debug|Any CPU.Build.0 = Debug|Any CPU
		{83852521-BA86-470B-BA1A-9621ECF4723E}.Debug|x64.ActiveCfg = Debug|Any CPU
		{83852521-BA86-470B-BA1A-9621ECF4723E}.Debug|x64.Build.0 = Debug|Any CPU
		{83852521-BA86-470B-BA1A-9621ECF4723E}.Debug|x86.ActiveCfg = Debug|Any CPU
		{83852521-BA86-470B-BA1A-9621ECF4723E}.Debug|x86.Build.0 = Debug|Any CPU
		{83852521-BA86-470B-BA1A-9621ECF4723E}.Release|Any CPU.ActiveCfg = Release|Any CPU
		{83852521-BA86-470B-BA1A-9621ECF4723E}.Release|Any CPU.Build.0 = Release|Any CPU
		{83852521-BA86-470B-BA1A-9621ECF4723E}.Release|x64.ActiveCfg = Release|Any CPU
		{83852521-BA86-470B-BA1A-9621ECF4723E}.Release|x64.Build.0 = Release|Any CPU
		{83852521-BA86-470B-BA1A-9621ECF4723E}.Release|x86.ActiveCfg = Release|Any CPU
		{83852521-BA86-470B-BA1A-9621ECF4723E}.Release|x86.Build.0 = Release|Any CPU
		{DBEE968F-98CD-42B9-9B07-A30AC868A257}.Debug|Any CPU.ActiveCfg = Debug|Any CPU
		{DBEE968F-98CD-42B9-9B07-A30AC868A257}.Debug|Any CPU.Build.0 = Debug|Any CPU
		{DBEE968F-98CD-42B9-9B07-A30AC868A257}.Debug|x64.ActiveCfg = Debug|Any CPU
		{DBEE968F-98CD-42B9-9B07-A30AC868A257}.Debug|x64.Build.0 = Debug|Any CPU
		{DBEE968F-98CD-42B9-9B07-A30AC868A257}.Debug|x86.ActiveCfg = Debug|Any CPU
		{DBEE968F-98CD-42B9-9B07-A30AC868A257}.Debug|x86.Build.0 = Debug|Any CPU
		{DBEE968F-98CD-42B9-9B07-A30AC868A257}.Release|Any CPU.ActiveCfg = Release|Any CPU
		{DBEE968F-98CD-42B9-9B07-A30AC868A257}.Release|Any CPU.Build.0 = Release|Any CPU
		{DBEE968F-98CD-42B9-9B07-A30AC868A257}.Release|x64.ActiveCfg = Release|Any CPU
		{DBEE968F-98CD-42B9-9B07-A30AC868A257}.Release|x64.Build.0 = Release|Any CPU
		{DBEE968F-98CD-42B9-9B07-A30AC868A257}.Release|x86.ActiveCfg = Release|Any CPU
		{DBEE968F-98CD-42B9-9B07-A30AC868A257}.Release|x86.Build.0 = Release|Any CPU
		{CC0AD2DF-86B9-496F-9131-87C94BEA92A2}.Debug|Any CPU.ActiveCfg = Debug|Any CPU
		{CC0AD2DF-86B9-496F-9131-87C94BEA92A2}.Debug|Any CPU.Build.0 = Debug|Any CPU
		{CC0AD2DF-86B9-496F-9131-87C94BEA92A2}.Debug|x64.ActiveCfg = Debug|Any CPU
		{CC0AD2DF-86B9-496F-9131-87C94BEA92A2}.Debug|x64.Build.0 = Debug|Any CPU
		{CC0AD2DF-86B9-496F-9131-87C94BEA92A2}.Debug|x86.ActiveCfg = Debug|Any CPU
		{CC0AD2DF-86B9-496F-9131-87C94BEA92A2}.Debug|x86.Build.0 = Debug|Any CPU
		{CC0AD2DF-86B9-496F-9131-87C94BEA92A2}.Release|Any CPU.ActiveCfg = Release|Any CPU
		{CC0AD2DF-86B9-496F-9131-87C94BEA92A2}.Release|Any CPU.Build.0 = Release|Any CPU
		{CC0AD2DF-86B9-496F-9131-87C94BEA92A2}.Release|x64.ActiveCfg = Release|Any CPU
		{CC0AD2DF-86B9-496F-9131-87C94BEA92A2}.Release|x64.Build.0 = Release|Any CPU
		{CC0AD2DF-86B9-496F-9131-87C94BEA92A2}.Release|x86.ActiveCfg = Release|Any CPU
		{CC0AD2DF-86B9-496F-9131-87C94BEA92A2}.Release|x86.Build.0 = Release|Any CPU
		{05329E72-3B03-4F31-B15A-DAAA001564BE}.Debug|Any CPU.ActiveCfg = Debug|Any CPU
		{05329E72-3B03-4F31-B15A-DAAA001564BE}.Debug|Any CPU.Build.0 = Debug|Any CPU
		{05329E72-3B03-4F31-B15A-DAAA001564BE}.Debug|x64.ActiveCfg = Debug|Any CPU
		{05329E72-3B03-4F31-B15A-DAAA001564BE}.Debug|x64.Build.0 = Debug|Any CPU
		{05329E72-3B03-4F31-B15A-DAAA001564BE}.Debug|x86.ActiveCfg = Debug|Any CPU
		{05329E72-3B03-4F31-B15A-DAAA001564BE}.Debug|x86.Build.0 = Debug|Any CPU
		{05329E72-3B03-4F31-B15A-DAAA001564BE}.Release|Any CPU.ActiveCfg = Release|Any CPU
		{05329E72-3B03-4F31-B15A-DAAA001564BE}.Release|Any CPU.Build.0 = Release|Any CPU
		{05329E72-3B03-4F31-B15A-DAAA001564BE}.Release|x64.ActiveCfg = Release|Any CPU
		{05329E72-3B03-4F31-B15A-DAAA001564BE}.Release|x64.Build.0 = Release|Any CPU
		{05329E72-3B03-4F31-B15A-DAAA001564BE}.Release|x86.ActiveCfg = Release|Any CPU
		{05329E72-3B03-4F31-B15A-DAAA001564BE}.Release|x86.Build.0 = Release|Any CPU
	EndGlobalSection
	GlobalSection(SolutionProperties) = preSolution
		HideSolutionNode = FALSE
	EndGlobalSection
EndGlobal
